{
  "name": "SparkJarSite",
  "lockfileVersion": 2,
  "requires": true,
  "packages": {
    "": {
      "dependencies": {
        "@rive-app/canvas": "^2.25.3"
      }
    },
    "node_modules/@rive-app/canvas": {
      "version": "2.25.3",
      "resolved": "https://registry.npmjs.org/@rive-app/canvas/-/canvas-2.25.3.tgz",
      "integrity": "sha512-L/uF7/o14yW1hRad+Pt1gmIxVjmp7HYtBZmHR9XzC0BBwUyqMr5S1c/x8dHa4PbvljHwI1TrTU+drCCScZfRnQ=="
    }
  },
  "dependencies": {
    "@rive-app/canvas": {
      "version": "2.25.3",
      "resolved": "https://registry.npmjs.org/@rive-app/canvas/-/canvas-2.25.3.tgz",
      "integrity": "sha512-L/uF7/o14yW1hRad+Pt1gmIxVjmp7HYtBZmHR9XzC0BBwUyqMr5S1c/x8dHa4PbvljHwI1TrTU+drCCScZfRnQ=="
    }
  }
}
